
Microsoft Visual Studio Solution File, Format Version 12.00
# Visual Studio Version 17
VisualStudioVersion = 17.13.35931.197 d17.13
MinimumVisualStudioVersion = 10.0.40219.1
Project("{FAE04EC0-301F-11D3-BF4B-00C04F79EFBC}") = "lab_89", "lab_89.csproj", "{30F4E44C-D651-4402-B95E-0FF94A093644}"
EndProject
Global
	GlobalSection(SolutionConfigurationPlatforms) = preSolution
		Debug|Any CPU = Debug|Any CPU
		Release|Any CPU = Release|Any CPU
	EndGlobalSection
	GlobalSection(ProjectConfigurationPlatforms) = postSolution
		{30F4E44C-D651-4402-B95E-0FF94A093644}.Debug|Any CPU.ActiveCfg = Debug|Any CPU
		{30F4E44C-D651-4402-B95E-0FF94A093644}.Debug|Any CPU.Build.0 = Debug|Any CPU
		{30F4E44C-D651-4402-B95E-0FF94A093644}.Release|Any CPU.ActiveCfg = Release|Any CPU
		{30F4E44C-D651-4402-B95E-0FF94A093644}.Release|Any CPU.Build.0 = Release|Any CPU
	EndGlobalSection
	GlobalSection(SolutionProperties) = preSolution
		HideSolutionNode = FALSE
	EndGlobalSection
	GlobalSection(ExtensibilityGlobals) = postSolution
		SolutionGuid = {8569EA35-C6BB-4C70-977D-1D3BE84BE0C3}
	EndGlobalSection
EndGlobal
